// !$*UTF8*$!
{
	archiveVersion = 1;
	classes = {
	};
	objectVersion = 55;
	objects = {

/* Begin PBXBuildFile section */
		AB04D4762958792F00FFBBFD /* SummaryViewController.swift in Sources */ = {isa = PBXBuildFile; fileRef = AB04D4752958792F00FFBBFD /* SummaryViewController.swift */; };
		AB04D47829587B6200FFBBFD /* SummaryViewModel.swift in Sources */ = {isa = PBXBuildFile; fileRef = AB04D47729587B6200FFBBFD /* SummaryViewModel.swift */; };
		AB21AED528C0736200247199 /* TranslateSummaryViewModel.swift in Sources */ = {isa = PBXBuildFile; fileRef = AB21AED428C0736200247199 /* TranslateSummaryViewModel.swift */; };
		AB2FDA8328BDC96F0008826F /* KoreanTextView.swift in Sources */ = {isa = PBXBuildFile; fileRef = AB2FDA8228BDC96F0008826F /* KoreanTextView.swift */; };
		AB2FDA8528BDD5FA0008826F /* SummaryView.swift in Sources */ = {isa = PBXBuildFile; fileRef = AB2FDA8428BDD5FA0008826F /* SummaryView.swift */; };
		AB2FDA8928BDD9E20008826F /* LoadingView.swift in Sources */ = {isa = PBXBuildFile; fileRef = AB2FDA8828BDD9E20008826F /* LoadingView.swift */; };
		AB2FDA8B28BDE21E0008826F /* ErrorView.swift in Sources */ = {isa = PBXBuildFile; fileRef = AB2FDA8A28BDE21E0008826F /* ErrorView.swift */; };
		AB2FDA8E28BE308B0008826F /* URLSessionProtocol.swift in Sources */ = {isa = PBXBuildFile; fileRef = AB2FDA8D28BE308B0008826F /* URLSessionProtocol.swift */; };
		AB2FDA9E28BE329E0008826F /* MockURLSession.swift in Sources */ = {isa = PBXBuildFile; fileRef = AB2FDA9D28BE329E0008826F /* MockURLSession.swift */; };
		AB2FDAAD28BE44C00008826F /* Translate_Bad_400_N2MT08.json in Resources */ = {isa = PBXBuildFile; fileRef = AB2FDAAC28BE44C00008826F /* Translate_Bad_400_N2MT08.json */; };
		AB2FDAB328BE45390008826F /* Translate_Bad_500_N2MT99.json in Resources */ = {isa = PBXBuildFile; fileRef = AB2FDAB228BE45390008826F /* Translate_Bad_500_N2MT99.json */; };
		AB2FDAB728BE45840008826F /* Translate_Bad_500_900.json in Resources */ = {isa = PBXBuildFile; fileRef = AB2FDAB628BE45840008826F /* Translate_Bad_500_900.json */; };
		AB2FDABA28BE45D50008826F /* Data.swift in Sources */ = {isa = PBXBuildFile; fileRef = AB2FDAB928BE45D50008826F /* Data.swift */; };
		AB2FDABD28BE4BFC0008826F /* Summary_Good.json in Resources */ = {isa = PBXBuildFile; fileRef = AB2FDABC28BE4BFC0008826F /* Summary_Good.json */; };
		AB2FDABF28BE4E220008826F /* Summary_Bad_400_E001.json in Resources */ = {isa = PBXBuildFile; fileRef = AB2FDABE28BE4E220008826F /* Summary_Bad_400_E001.json */; };
		AB2FDAC128BE4ED10008826F /* Summary_Bad_400_E002.json in Resources */ = {isa = PBXBuildFile; fileRef = AB2FDAC028BE4ED10008826F /* Summary_Bad_400_E002.json */; };
		AB2FDAC328BE4F650008826F /* Summary_Bad_400_E003.json in Resources */ = {isa = PBXBuildFile; fileRef = AB2FDAC228BE4F650008826F /* Summary_Bad_400_E003.json */; };
		AB2FDAC728BE50C70008826F /* Summary_Bad_400_E100.json in Resources */ = {isa = PBXBuildFile; fileRef = AB2FDAC628BE50C70008826F /* Summary_Bad_400_E100.json */; };
		AB2FDAC928BE51990008826F /* Summary_Bad_400_E102.json in Resources */ = {isa = PBXBuildFile; fileRef = AB2FDAC828BE51990008826F /* Summary_Bad_400_E102.json */; };
		AB2FDACD28BE52170008826F /* Summary_Bad_500.json in Resources */ = {isa = PBXBuildFile; fileRef = AB2FDACC28BE52170008826F /* Summary_Bad_500.json */; };
		AB2FDACF28BE524E0008826F /* Summary_Bad_Unknown.json in Resources */ = {isa = PBXBuildFile; fileRef = AB2FDACE28BE524E0008826F /* Summary_Bad_Unknown.json */; };
		AB2FF4E328BF353F0050A03B /* TranslateAPI.swift in Sources */ = {isa = PBXBuildFile; fileRef = AB2FF4E228BF353F0050A03B /* TranslateAPI.swift */; };
		AB2FF4E528BF37600050A03B /* NetworkManagerIntegrationTests.swift in Sources */ = {isa = PBXBuildFile; fileRef = AB2FF4E428BF37600050A03B /* NetworkManagerIntegrationTests.swift */; };
		AB2FF4E728BF3C4D0050A03B /* TranslateRequestBody.swift in Sources */ = {isa = PBXBuildFile; fileRef = AB2FF4E628BF3C4D0050A03B /* TranslateRequestBody.swift */; };
		AB2FF4E928BF54710050A03B /* Translate_Good.json in Resources */ = {isa = PBXBuildFile; fileRef = AB2FF4E828BF54710050A03B /* Translate_Good.json */; };
		AB2FF4F028BF8EFA0050A03B /* SummaryResponseBody.swift in Sources */ = {isa = PBXBuildFile; fileRef = AB2FF4EF28BF8EFA0050A03B /* SummaryResponseBody.swift */; };
		AB2FF4F228BF9A8D0050A03B /* SummaryRequestBody.swift in Sources */ = {isa = PBXBuildFile; fileRef = AB2FF4F128BF9A8D0050A03B /* SummaryRequestBody.swift */; };
		AB2FF4F428BF9C250050A03B /* SummaryAPI.swift in Sources */ = {isa = PBXBuildFile; fileRef = AB2FF4F328BF9C250050A03B /* SummaryAPI.swift */; };
		AB3AE7D228BF080300002CF8 /* NetworkError.swift in Sources */ = {isa = PBXBuildFile; fileRef = AB3AE7D128BF080300002CF8 /* NetworkError.swift */; };
		AB3AE7D428BF0A6000002CF8 /* ErrorResponseBody.swift in Sources */ = {isa = PBXBuildFile; fileRef = AB3AE7D328BF0A6000002CF8 /* ErrorResponseBody.swift */; };
		AB3AE7D628BF0C9400002CF8 /* Translate_Bad_NotDecodable.json in Resources */ = {isa = PBXBuildFile; fileRef = AB3AE7D528BF0C9400002CF8 /* Translate_Bad_NotDecodable.json */; };
		AB3AE7D828BF14C600002CF8 /* Translate_Bad_413_430.json in Resources */ = {isa = PBXBuildFile; fileRef = AB3AE7D728BF14C600002CF8 /* Translate_Bad_413_430.json */; };
		AB3EF2B828BE66B1006B5327 /* TranslateResponseBody.swift in Sources */ = {isa = PBXBuildFile; fileRef = AB3EF2B728BE66B1006B5327 /* TranslateResponseBody.swift */; };
		AB3EF2BC28BE67D9006B5327 /* NetworkManager.swift in Sources */ = {isa = PBXBuildFile; fileRef = AB3EF2BB28BE67D9006B5327 /* NetworkManager.swift */; };
		AB3EF2BE28BE83D6006B5327 /* NetworkManagerUnitTests.swift in Sources */ = {isa = PBXBuildFile; fileRef = AB3EF2BD28BE83D6006B5327 /* NetworkManagerUnitTests.swift */; };
		ABB8B80528B8B0D600B7818F /* AppDelegate.swift in Sources */ = {isa = PBXBuildFile; fileRef = ABB8B80428B8B0D600B7818F /* AppDelegate.swift */; };
		ABB8B80728B8B0D600B7818F /* SceneDelegate.swift in Sources */ = {isa = PBXBuildFile; fileRef = ABB8B80628B8B0D600B7818F /* SceneDelegate.swift */; };
		ABB8B80928B8B0D600B7818F /* TranslateSummaryViewController.swift in Sources */ = {isa = PBXBuildFile; fileRef = ABB8B80828B8B0D600B7818F /* TranslateSummaryViewController.swift */; };
		ABB8B80E28B8B0D600B7818F /* Assets.xcassets in Resources */ = {isa = PBXBuildFile; fileRef = ABB8B80D28B8B0D600B7818F /* Assets.xcassets */; };
		ABB8B81128B8B0D600B7818F /* LaunchScreen.storyboard in Resources */ = {isa = PBXBuildFile; fileRef = ABB8B80F28B8B0D600B7818F /* LaunchScreen.storyboard */; };
		ABEC710B28BC75F900488104 /* BorderedTextField.swift in Sources */ = {isa = PBXBuildFile; fileRef = ABEC710A28BC75F900488104 /* BorderedTextField.swift */; };
		ABEC710E28BC7F0300488104 /* UIImageView.swift in Sources */ = {isa = PBXBuildFile; fileRef = ABEC710D28BC7F0300488104 /* UIImageView.swift */; };
		ABEC711028BC81D400488104 /* CustomButton.swift in Sources */ = {isa = PBXBuildFile; fileRef = ABEC710F28BC81D400488104 /* CustomButton.swift */; };
		ABEC711428BC8A2000488104 /* PhaseTemplateView.swift in Sources */ = {isa = PBXBuildFile; fileRef = ABEC711328BC8A2000488104 /* PhaseTemplateView.swift */; };
		ABEC711628BCA48600488104 /* EnglishTextView.swift in Sources */ = {isa = PBXBuildFile; fileRef = ABEC711528BCA48600488104 /* EnglishTextView.swift */; };
		ABEC711828BCA9C900488104 /* UIButton.swift in Sources */ = {isa = PBXBuildFile; fileRef = ABEC711728BCA9C900488104 /* UIButton.swift */; };
		ABF82E76295727A3008852B9 /* UIViewController+.swift in Sources */ = {isa = PBXBuildFile; fileRef = ABF82E75295727A3008852B9 /* UIViewController+.swift */; };
/* End PBXBuildFile section */

/* Begin PBXContainerItemProxy section */
		AB2FDA9728BE31510008826F /* PBXContainerItemProxy */ = {
			isa = PBXContainerItemProxy;
			containerPortal = ABB8B7F928B8B0D600B7818F /* Project object */;
			proxyType = 1;
			remoteGlobalIDString = ABB8B80028B8B0D600B7818F;
			remoteInfo = ThreeLinesSummary;
		};
/* End PBXContainerItemProxy section */

/* Begin PBXFileReference section */
		AB04D4752958792F00FFBBFD /* SummaryViewController.swift */ = {isa = PBXFileReference; lastKnownFileType = sourcecode.swift; path = SummaryViewController.swift; sourceTree = "<group>"; };
		AB04D47729587B6200FFBBFD /* SummaryViewModel.swift */ = {isa = PBXFileReference; lastKnownFileType = sourcecode.swift; path = SummaryViewModel.swift; sourceTree = "<group>"; };
		AB21AED428C0736200247199 /* TranslateSummaryViewModel.swift */ = {isa = PBXFileReference; lastKnownFileType = sourcecode.swift; path = TranslateSummaryViewModel.swift; sourceTree = "<group>"; };
		AB2FDA8228BDC96F0008826F /* KoreanTextView.swift */ = {isa = PBXFileReference; lastKnownFileType = sourcecode.swift; path = KoreanTextView.swift; sourceTree = "<group>"; };
		AB2FDA8428BDD5FA0008826F /* SummaryView.swift */ = {isa = PBXFileReference; lastKnownFileType = sourcecode.swift; path = SummaryView.swift; sourceTree = "<group>"; };
		AB2FDA8828BDD9E20008826F /* LoadingView.swift */ = {isa = PBXFileReference; lastKnownFileType = sourcecode.swift; path = LoadingView.swift; sourceTree = "<group>"; };
		AB2FDA8A28BDE21E0008826F /* ErrorView.swift */ = {isa = PBXFileReference; lastKnownFileType = sourcecode.swift; path = ErrorView.swift; sourceTree = "<group>"; };
		AB2FDA8D28BE308B0008826F /* URLSessionProtocol.swift */ = {isa = PBXFileReference; lastKnownFileType = sourcecode.swift; path = URLSessionProtocol.swift; sourceTree = "<group>"; };
		AB2FDA9328BE31510008826F /* ThreeLinesSummaryTests.xctest */ = {isa = PBXFileReference; explicitFileType = wrapper.cfbundle; includeInIndex = 0; path = ThreeLinesSummaryTests.xctest; sourceTree = BUILT_PRODUCTS_DIR; };
		AB2FDA9D28BE329E0008826F /* MockURLSession.swift */ = {isa = PBXFileReference; lastKnownFileType = sourcecode.swift; path = MockURLSession.swift; sourceTree = "<group>"; };
		AB2FDAAC28BE44C00008826F /* Translate_Bad_400_N2MT08.json */ = {isa = PBXFileReference; lastKnownFileType = text.json; path = Translate_Bad_400_N2MT08.json; sourceTree = "<group>"; };
		AB2FDAB228BE45390008826F /* Translate_Bad_500_N2MT99.json */ = {isa = PBXFileReference; lastKnownFileType = text.json; path = Translate_Bad_500_N2MT99.json; sourceTree = "<group>"; };
		AB2FDAB628BE45840008826F /* Translate_Bad_500_900.json */ = {isa = PBXFileReference; lastKnownFileType = text.json; path = Translate_Bad_500_900.json; sourceTree = "<group>"; };
		AB2FDAB928BE45D50008826F /* Data.swift */ = {isa = PBXFileReference; lastKnownFileType = sourcecode.swift; path = Data.swift; sourceTree = "<group>"; };
		AB2FDABC28BE4BFC0008826F /* Summary_Good.json */ = {isa = PBXFileReference; lastKnownFileType = text.json; path = Summary_Good.json; sourceTree = "<group>"; };
		AB2FDABE28BE4E220008826F /* Summary_Bad_400_E001.json */ = {isa = PBXFileReference; lastKnownFileType = text.json; path = Summary_Bad_400_E001.json; sourceTree = "<group>"; };
		AB2FDAC028BE4ED10008826F /* Summary_Bad_400_E002.json */ = {isa = PBXFileReference; lastKnownFileType = text.json; path = Summary_Bad_400_E002.json; sourceTree = "<group>"; };
		AB2FDAC228BE4F650008826F /* Summary_Bad_400_E003.json */ = {isa = PBXFileReference; lastKnownFileType = text.json; path = Summary_Bad_400_E003.json; sourceTree = "<group>"; };
		AB2FDAC628BE50C70008826F /* Summary_Bad_400_E100.json */ = {isa = PBXFileReference; lastKnownFileType = text.json; path = Summary_Bad_400_E100.json; sourceTree = "<group>"; };
		AB2FDAC828BE51990008826F /* Summary_Bad_400_E102.json */ = {isa = PBXFileReference; lastKnownFileType = text.json; path = Summary_Bad_400_E102.json; sourceTree = "<group>"; };
		AB2FDACC28BE52170008826F /* Summary_Bad_500.json */ = {isa = PBXFileReference; lastKnownFileType = text.json; path = Summary_Bad_500.json; sourceTree = "<group>"; };
		AB2FDACE28BE524E0008826F /* Summary_Bad_Unknown.json */ = {isa = PBXFileReference; lastKnownFileType = text.json; path = Summary_Bad_Unknown.json; sourceTree = "<group>"; };
		AB2FF4E228BF353F0050A03B /* TranslateAPI.swift */ = {isa = PBXFileReference; lastKnownFileType = sourcecode.swift; path = TranslateAPI.swift; sourceTree = "<group>"; };
		AB2FF4E428BF37600050A03B /* NetworkManagerIntegrationTests.swift */ = {isa = PBXFileReference; lastKnownFileType = sourcecode.swift; path = NetworkManagerIntegrationTests.swift; sourceTree = "<group>"; };
		AB2FF4E628BF3C4D0050A03B /* TranslateRequestBody.swift */ = {isa = PBXFileReference; lastKnownFileType = sourcecode.swift; path = TranslateRequestBody.swift; sourceTree = "<group>"; };
		AB2FF4E828BF54710050A03B /* Translate_Good.json */ = {isa = PBXFileReference; lastKnownFileType = text.json; path = Translate_Good.json; sourceTree = "<group>"; };
		AB2FF4EF28BF8EFA0050A03B /* SummaryResponseBody.swift */ = {isa = PBXFileReference; lastKnownFileType = sourcecode.swift; path = SummaryResponseBody.swift; sourceTree = "<group>"; };
		AB2FF4F128BF9A8D0050A03B /* SummaryRequestBody.swift */ = {isa = PBXFileReference; lastKnownFileType = sourcecode.swift; path = SummaryRequestBody.swift; sourceTree = "<group>"; };
		AB2FF4F328BF9C250050A03B /* SummaryAPI.swift */ = {isa = PBXFileReference; lastKnownFileType = sourcecode.swift; path = SummaryAPI.swift; sourceTree = "<group>"; };
		AB3AE7D128BF080300002CF8 /* NetworkError.swift */ = {isa = PBXFileReference; lastKnownFileType = sourcecode.swift; path = NetworkError.swift; sourceTree = "<group>"; };
		AB3AE7D328BF0A6000002CF8 /* ErrorResponseBody.swift */ = {isa = PBXFileReference; lastKnownFileType = sourcecode.swift; path = ErrorResponseBody.swift; sourceTree = "<group>"; };
		AB3AE7D528BF0C9400002CF8 /* Translate_Bad_NotDecodable.json */ = {isa = PBXFileReference; lastKnownFileType = text.json; path = Translate_Bad_NotDecodable.json; sourceTree = "<group>"; };
		AB3AE7D728BF14C600002CF8 /* Translate_Bad_413_430.json */ = {isa = PBXFileReference; lastKnownFileType = text.json; path = Translate_Bad_413_430.json; sourceTree = "<group>"; };
		AB3EF2B728BE66B1006B5327 /* TranslateResponseBody.swift */ = {isa = PBXFileReference; lastKnownFileType = sourcecode.swift; path = TranslateResponseBody.swift; sourceTree = "<group>"; };
		AB3EF2BB28BE67D9006B5327 /* NetworkManager.swift */ = {isa = PBXFileReference; lastKnownFileType = sourcecode.swift; path = NetworkManager.swift; sourceTree = "<group>"; };
		AB3EF2BD28BE83D6006B5327 /* NetworkManagerUnitTests.swift */ = {isa = PBXFileReference; lastKnownFileType = sourcecode.swift; path = NetworkManagerUnitTests.swift; sourceTree = "<group>"; };
		ABB8B80128B8B0D600B7818F /* ThreeLinesSummary.app */ = {isa = PBXFileReference; explicitFileType = wrapper.application; includeInIndex = 0; path = ThreeLinesSummary.app; sourceTree = BUILT_PRODUCTS_DIR; };
		ABB8B80428B8B0D600B7818F /* AppDelegate.swift */ = {isa = PBXFileReference; lastKnownFileType = sourcecode.swift; path = AppDelegate.swift; sourceTree = "<group>"; };
		ABB8B80628B8B0D600B7818F /* SceneDelegate.swift */ = {isa = PBXFileReference; lastKnownFileType = sourcecode.swift; path = SceneDelegate.swift; sourceTree = "<group>"; };
		ABB8B80828B8B0D600B7818F /* TranslateSummaryViewController.swift */ = {isa = PBXFileReference; lastKnownFileType = sourcecode.swift; path = TranslateSummaryViewController.swift; sourceTree = "<group>"; };
		ABB8B80D28B8B0D600B7818F /* Assets.xcassets */ = {isa = PBXFileReference; lastKnownFileType = folder.assetcatalog; path = Assets.xcassets; sourceTree = "<group>"; };
		ABB8B81028B8B0D600B7818F /* Base */ = {isa = PBXFileReference; lastKnownFileType = file.storyboard; name = Base; path = Base.lproj/LaunchScreen.storyboard; sourceTree = "<group>"; };
		ABB8B81228B8B0D600B7818F /* Info.plist */ = {isa = PBXFileReference; lastKnownFileType = text.plist.xml; path = Info.plist; sourceTree = "<group>"; };
		ABEC710A28BC75F900488104 /* BorderedTextField.swift */ = {isa = PBXFileReference; lastKnownFileType = sourcecode.swift; path = BorderedTextField.swift; sourceTree = "<group>"; };
		ABEC710D28BC7F0300488104 /* UIImageView.swift */ = {isa = PBXFileReference; lastKnownFileType = sourcecode.swift; path = UIImageView.swift; sourceTree = "<group>"; };
		ABEC710F28BC81D400488104 /* CustomButton.swift */ = {isa = PBXFileReference; lastKnownFileType = sourcecode.swift; path = CustomButton.swift; sourceTree = "<group>"; };
		ABEC711328BC8A2000488104 /* PhaseTemplateView.swift */ = {isa = PBXFileReference; lastKnownFileType = sourcecode.swift; path = PhaseTemplateView.swift; sourceTree = "<group>"; };
		ABEC711528BCA48600488104 /* EnglishTextView.swift */ = {isa = PBXFileReference; lastKnownFileType = sourcecode.swift; path = EnglishTextView.swift; sourceTree = "<group>"; };
		ABEC711728BCA9C900488104 /* UIButton.swift */ = {isa = PBXFileReference; lastKnownFileType = sourcecode.swift; path = UIButton.swift; sourceTree = "<group>"; };
		ABF82E75295727A3008852B9 /* UIViewController+.swift */ = {isa = PBXFileReference; lastKnownFileType = sourcecode.swift; path = "UIViewController+.swift"; sourceTree = "<group>"; };
/* End PBXFileReference section */

/* Begin PBXFrameworksBuildPhase section */
		AB2FDA9028BE31510008826F /* Frameworks */ = {
			isa = PBXFrameworksBuildPhase;
			buildActionMask = 2147483647;
			files = (
			);
			runOnlyForDeploymentPostprocessing = 0;
		};
		ABB8B7FE28B8B0D600B7818F /* Frameworks */ = {
			isa = PBXFrameworksBuildPhase;
			buildActionMask = 2147483647;
			files = (
			);
			runOnlyForDeploymentPostprocessing = 0;
		};
/* End PBXFrameworksBuildPhase section */

/* Begin PBXGroup section */
		AB04D4742958791200FFBBFD /* SummaryTab */ = {
			isa = PBXGroup;
			children = (
				AB04D47729587B6200FFBBFD /* SummaryViewModel.swift */,
				AB04D4752958792F00FFBBFD /* SummaryViewController.swift */,
			);
			path = SummaryTab;
			sourceTree = "<group>";
		};
		AB2FDA8C28BE307E0008826F /* Network */ = {
			isa = PBXGroup;
			children = (
				AB2FDA8D28BE308B0008826F /* URLSessionProtocol.swift */,
				AB3EF2BB28BE67D9006B5327 /* NetworkManager.swift */,
			);
			path = Network;
			sourceTree = "<group>";
		};
		AB2FDA9428BE31510008826F /* ThreeLinesSummaryTests */ = {
			isa = PBXGroup;
			children = (
				AB2FDAB828BE45C40008826F /* Extensions */,
				AB2FDA9C28BE328E0008826F /* Network */,
			);
			path = ThreeLinesSummaryTests;
			sourceTree = "<group>";
		};
		AB2FDA9C28BE328E0008826F /* Network */ = {
			isa = PBXGroup;
			children = (
				AB2FDA9D28BE329E0008826F /* MockURLSession.swift */,
				AB2FDA9F28BE33860008826F /* ResponseData */,
				AB3EF2BD28BE83D6006B5327 /* NetworkManagerUnitTests.swift */,
				AB2FF4E428BF37600050A03B /* NetworkManagerIntegrationTests.swift */,
			);
			path = Network;
			sourceTree = "<group>";
		};
		AB2FDA9F28BE33860008826F /* ResponseData */ = {
			isa = PBXGroup;
			children = (
				AB2FDABB28BE4AAC0008826F /* Summary */,
				AB2FDAA028BE34D40008826F /* Translation */,
			);
			path = ResponseData;
			sourceTree = "<group>";
		};
		AB2FDAA028BE34D40008826F /* Translation */ = {
			isa = PBXGroup;
			children = (
				AB2FF4E828BF54710050A03B /* Translate_Good.json */,
				AB3AE7D728BF14C600002CF8 /* Translate_Bad_413_430.json */,
				AB2FDAAC28BE44C00008826F /* Translate_Bad_400_N2MT08.json */,
				AB2FDAB228BE45390008826F /* Translate_Bad_500_N2MT99.json */,
				AB2FDAB628BE45840008826F /* Translate_Bad_500_900.json */,
				AB3AE7D528BF0C9400002CF8 /* Translate_Bad_NotDecodable.json */,
			);
			path = Translation;
			sourceTree = "<group>";
		};
		AB2FDAB828BE45C40008826F /* Extensions */ = {
			isa = PBXGroup;
			children = (
				AB2FDAB928BE45D50008826F /* Data.swift */,
			);
			path = Extensions;
			sourceTree = "<group>";
		};
		AB2FDABB28BE4AAC0008826F /* Summary */ = {
			isa = PBXGroup;
			children = (
				AB2FDABC28BE4BFC0008826F /* Summary_Good.json */,
				AB2FDABE28BE4E220008826F /* Summary_Bad_400_E001.json */,
				AB2FDAC028BE4ED10008826F /* Summary_Bad_400_E002.json */,
				AB2FDAC228BE4F650008826F /* Summary_Bad_400_E003.json */,
				AB2FDAC628BE50C70008826F /* Summary_Bad_400_E100.json */,
				AB2FDAC828BE51990008826F /* Summary_Bad_400_E102.json */,
				AB2FDACC28BE52170008826F /* Summary_Bad_500.json */,
				AB2FDACE28BE524E0008826F /* Summary_Bad_Unknown.json */,
			);
			path = Summary;
			sourceTree = "<group>";
		};
		AB2FF4E128BF352E0050A03B /* Secrets */ = {
			isa = PBXGroup;
			children = (
				AB2FF4E228BF353F0050A03B /* TranslateAPI.swift */,
				AB2FF4F328BF9C250050A03B /* SummaryAPI.swift */,
			);
			path = Secrets;
			sourceTree = "<group>";
		};
		AB3EF2B628BE6521006B5327 /* Models */ = {
			isa = PBXGroup;
			children = (
				AB3EF2B728BE66B1006B5327 /* TranslateResponseBody.swift */,
				AB3AE7D128BF080300002CF8 /* NetworkError.swift */,
				AB3AE7D328BF0A6000002CF8 /* ErrorResponseBody.swift */,
				AB2FF4E628BF3C4D0050A03B /* TranslateRequestBody.swift */,
				AB2FF4EF28BF8EFA0050A03B /* SummaryResponseBody.swift */,
				AB2FF4F128BF9A8D0050A03B /* SummaryRequestBody.swift */,
			);
			path = Models;
			sourceTree = "<group>";
		};
		ABB8B7F828B8B0D600B7818F = {
			isa = PBXGroup;
			children = (
				ABB8B80328B8B0D600B7818F /* ThreeLinesSummary */,
				AB2FDA9428BE31510008826F /* ThreeLinesSummaryTests */,
				ABB8B80228B8B0D600B7818F /* Products */,
			);
			sourceTree = "<group>";
		};
		ABB8B80228B8B0D600B7818F /* Products */ = {
			isa = PBXGroup;
			children = (
				ABB8B80128B8B0D600B7818F /* ThreeLinesSummary.app */,
				AB2FDA9328BE31510008826F /* ThreeLinesSummaryTests.xctest */,
			);
			name = Products;
			sourceTree = "<group>";
		};
		ABB8B80328B8B0D600B7818F /* ThreeLinesSummary */ = {
			isa = PBXGroup;
			children = (
				AB04D4742958791200FFBBFD /* SummaryTab */,
				ABF82E742957278F008852B9 /* Extensions */,
				ABF82E7329571940008852B9 /* Views */,
				AB2FF4E128BF352E0050A03B /* Secrets */,
				AB3EF2B628BE6521006B5327 /* Models */,
				AB2FDA8C28BE307E0008826F /* Network */,
				ABEC710928BC75D900488104 /* TranslateSummaryTab */,
				ABB8B80428B8B0D600B7818F /* AppDelegate.swift */,
				ABB8B80628B8B0D600B7818F /* SceneDelegate.swift */,
				ABEC710828BC75C300488104 /* Files */,
			);
			path = ThreeLinesSummary;
			sourceTree = "<group>";
		};
		ABEC710828BC75C300488104 /* Files */ = {
			isa = PBXGroup;
			children = (
				ABB8B80D28B8B0D600B7818F /* Assets.xcassets */,
				ABB8B80F28B8B0D600B7818F /* LaunchScreen.storyboard */,
				ABB8B81228B8B0D600B7818F /* Info.plist */,
			);
			name = Files;
			sourceTree = "<group>";
		};
		ABEC710928BC75D900488104 /* TranslateSummaryTab */ = {
			isa = PBXGroup;
			children = (
				AB21AED428C0736200247199 /* TranslateSummaryViewModel.swift */,
				ABB8B80828B8B0D600B7818F /* TranslateSummaryViewController.swift */,
			);
			path = TranslateSummaryTab;
			sourceTree = "<group>";
		};
		ABEC710C28BC7EED00488104 /* Helpers */ = {
			isa = PBXGroup;
			children = (
				ABEC710D28BC7F0300488104 /* UIImageView.swift */,
				ABEC710F28BC81D400488104 /* CustomButton.swift */,
				ABEC711328BC8A2000488104 /* PhaseTemplateView.swift */,
				ABEC710A28BC75F900488104 /* BorderedTextField.swift */,
				ABEC711728BCA9C900488104 /* UIButton.swift */,
			);
			path = Helpers;
			sourceTree = "<group>";
		};
		ABF82E7329571940008852B9 /* Views */ = {
			isa = PBXGroup;
			children = (
				ABEC711528BCA48600488104 /* EnglishTextView.swift */,
				AB2FDA8228BDC96F0008826F /* KoreanTextView.swift */,
				AB2FDA8428BDD5FA0008826F /* SummaryView.swift */,
				AB2FDA8828BDD9E20008826F /* LoadingView.swift */,
				AB2FDA8A28BDE21E0008826F /* ErrorView.swift */,
				ABEC710C28BC7EED00488104 /* Helpers */,
			);
			path = Views;
			sourceTree = "<group>";
		};
		ABF82E742957278F008852B9 /* Extensions */ = {
			isa = PBXGroup;
			children = (
				ABF82E75295727A3008852B9 /* UIViewController+.swift */,
			);
			path = Extensions;
			sourceTree = "<group>";
		};
/* End PBXGroup section */

/* Begin PBXNativeTarget section */
		AB2FDA9228BE31510008826F /* ThreeLinesSummaryTests */ = {
			isa = PBXNativeTarget;
			buildConfigurationList = AB2FDA9928BE31510008826F /* Build configuration list for PBXNativeTarget "ThreeLinesSummaryTests" */;
			buildPhases = (
				AB2FDA8F28BE31510008826F /* Sources */,
				AB2FDA9028BE31510008826F /* Frameworks */,
				AB2FDA9128BE31510008826F /* Resources */,
			);
			buildRules = (
			);
			dependencies = (
				AB2FDA9828BE31510008826F /* PBXTargetDependency */,
			);
			name = ThreeLinesSummaryTests;
			productName = ThreeLinesSummaryTests;
			productReference = AB2FDA9328BE31510008826F /* ThreeLinesSummaryTests.xctest */;
			productType = "com.apple.product-type.bundle.unit-test";
		};
		ABB8B80028B8B0D600B7818F /* ThreeLinesSummary */ = {
			isa = PBXNativeTarget;
			buildConfigurationList = ABB8B81528B8B0D600B7818F /* Build configuration list for PBXNativeTarget "ThreeLinesSummary" */;
			buildPhases = (
				ABB8B7FD28B8B0D600B7818F /* Sources */,
				ABB8B7FE28B8B0D600B7818F /* Frameworks */,
				ABB8B7FF28B8B0D600B7818F /* Resources */,
			);
			buildRules = (
			);
			dependencies = (
			);
			name = ThreeLinesSummary;
			productName = ThreeLinesSummary;
			productReference = ABB8B80128B8B0D600B7818F /* ThreeLinesSummary.app */;
			productType = "com.apple.product-type.application";
		};
/* End PBXNativeTarget section */

/* Begin PBXProject section */
		ABB8B7F928B8B0D600B7818F /* Project object */ = {
			isa = PBXProject;
			attributes = {
				BuildIndependentTargetsInParallel = 1;
				LastSwiftUpdateCheck = 1340;
				LastUpgradeCheck = 1340;
				TargetAttributes = {
					AB2FDA9228BE31510008826F = {
						CreatedOnToolsVersion = 13.4.1;
						TestTargetID = ABB8B80028B8B0D600B7818F;
					};
					ABB8B80028B8B0D600B7818F = {
						CreatedOnToolsVersion = 13.4.1;
					};
				};
			};
			buildConfigurationList = ABB8B7FC28B8B0D600B7818F /* Build configuration list for PBXProject "ThreeLinesSummary" */;
			compatibilityVersion = "Xcode 13.0";
			developmentRegion = en;
			hasScannedForEncodings = 0;
			knownRegions = (
				en,
				Base,
			);
			mainGroup = ABB8B7F828B8B0D600B7818F;
			productRefGroup = ABB8B80228B8B0D600B7818F /* Products */;
			projectDirPath = "";
			projectRoot = "";
			targets = (
				ABB8B80028B8B0D600B7818F /* ThreeLinesSummary */,
				AB2FDA9228BE31510008826F /* ThreeLinesSummaryTests */,
			);
		};
/* End PBXProject section */

/* Begin PBXResourcesBuildPhase section */
		AB2FDA9128BE31510008826F /* Resources */ = {
			isa = PBXResourcesBuildPhase;
			buildActionMask = 2147483647;
			files = (
				AB2FDACD28BE52170008826F /* Summary_Bad_500.json in Resources */,
				AB2FDABF28BE4E220008826F /* Summary_Bad_400_E001.json in Resources */,
				AB2FDACF28BE524E0008826F /* Summary_Bad_Unknown.json in Resources */,
				AB2FF4E928BF54710050A03B /* Translate_Good.json in Resources */,
				AB2FDAB328BE45390008826F /* Translate_Bad_500_N2MT99.json in Resources */,
				AB3AE7D828BF14C600002CF8 /* Translate_Bad_413_430.json in Resources */,
				AB2FDAAD28BE44C00008826F /* Translate_Bad_400_N2MT08.json in Resources */,
				AB2FDAC928BE51990008826F /* Summary_Bad_400_E102.json in Resources */,
				AB3AE7D628BF0C9400002CF8 /* Translate_Bad_NotDecodable.json in Resources */,
				AB2FDAB728BE45840008826F /* Translate_Bad_500_900.json in Resources */,
				AB2FDAC328BE4F650008826F /* Summary_Bad_400_E003.json in Resources */,
				AB2FDAC128BE4ED10008826F /* Summary_Bad_400_E002.json in Resources */,
				AB2FDABD28BE4BFC0008826F /* Summary_Good.json in Resources */,
				AB2FDAC728BE50C70008826F /* Summary_Bad_400_E100.json in Resources */,
			);
			runOnlyForDeploymentPostprocessing = 0;
		};
		ABB8B7FF28B8B0D600B7818F /* Resources */ = {
			isa = PBXResourcesBuildPhase;
			buildActionMask = 2147483647;
			files = (
				ABB8B81128B8B0D600B7818F /* LaunchScreen.storyboard in Resources */,
				ABB8B80E28B8B0D600B7818F /* Assets.xcassets in Resources */,
			);
			runOnlyForDeploymentPostprocessing = 0;
		};
/* End PBXResourcesBuildPhase section */

/* Begin PBXSourcesBuildPhase section */
		AB2FDA8F28BE31510008826F /* Sources */ = {
			isa = PBXSourcesBuildPhase;
			buildActionMask = 2147483647;
			files = (
				AB3EF2BE28BE83D6006B5327 /* NetworkManagerUnitTests.swift in Sources */,
				AB2FDABA28BE45D50008826F /* Data.swift in Sources */,
				AB2FDA9E28BE329E0008826F /* MockURLSession.swift in Sources */,
				AB2FF4E528BF37600050A03B /* NetworkManagerIntegrationTests.swift in Sources */,
			);
			runOnlyForDeploymentPostprocessing = 0;
		};
		ABB8B7FD28B8B0D600B7818F /* Sources */ = {
			isa = PBXSourcesBuildPhase;
			buildActionMask = 2147483647;
			files = (
				AB3AE7D228BF080300002CF8 /* NetworkError.swift in Sources */,
				AB04D4762958792F00FFBBFD /* SummaryViewController.swift in Sources */,
				AB3AE7D428BF0A6000002CF8 /* ErrorResponseBody.swift in Sources */,
				AB2FF4F228BF9A8D0050A03B /* SummaryRequestBody.swift in Sources */,
				AB2FDA8E28BE308B0008826F /* URLSessionProtocol.swift in Sources */,
				ABEC711428BC8A2000488104 /* PhaseTemplateView.swift in Sources */,
				ABB8B80928B8B0D600B7818F /* TranslateSummaryViewController.swift in Sources */,
				ABEC711628BCA48600488104 /* EnglishTextView.swift in Sources */,
				AB3EF2BC28BE67D9006B5327 /* NetworkManager.swift in Sources */,
				ABEC710E28BC7F0300488104 /* UIImageView.swift in Sources */,
				ABEC711028BC81D400488104 /* CustomButton.swift in Sources */,
				AB2FDA8928BDD9E20008826F /* LoadingView.swift in Sources */,
				AB2FF4F428BF9C250050A03B /* SummaryAPI.swift in Sources */,
				AB2FF4E728BF3C4D0050A03B /* TranslateRequestBody.swift in Sources */,
				AB2FDA8328BDC96F0008826F /* KoreanTextView.swift in Sources */,
				ABB8B80528B8B0D600B7818F /* AppDelegate.swift in Sources */,
				ABEC710B28BC75F900488104 /* BorderedTextField.swift in Sources */,
				AB2FF4F028BF8EFA0050A03B /* SummaryResponseBody.swift in Sources */,
				ABF82E76295727A3008852B9 /* UIViewController+.swift in Sources */,
				ABB8B80728B8B0D600B7818F /* SceneDelegate.swift in Sources */,
				AB04D47829587B6200FFBBFD /* SummaryViewModel.swift in Sources */,
				ABEC711828BCA9C900488104 /* UIButton.swift in Sources */,
				AB2FF4E328BF353F0050A03B /* TranslateAPI.swift in Sources */,
				AB2FDA8B28BDE21E0008826F /* ErrorView.swift in Sources */,
				AB2FDA8528BDD5FA0008826F /* SummaryView.swift in Sources */,
				AB21AED528C0736200247199 /* TranslateSummaryViewModel.swift in Sources */,
				AB3EF2B828BE66B1006B5327 /* TranslateResponseBody.swift in Sources */,
			);
			runOnlyForDeploymentPostprocessing = 0;
		};
/* End PBXSourcesBuildPhase section */

/* Begin PBXTargetDependency section */
		AB2FDA9828BE31510008826F /* PBXTargetDependency */ = {
			isa = PBXTargetDependency;
			target = ABB8B80028B8B0D600B7818F /* ThreeLinesSummary */;
			targetProxy = AB2FDA9728BE31510008826F /* PBXContainerItemProxy */;
		};
/* End PBXTargetDependency section */

/* Begin PBXVariantGroup section */
		ABB8B80F28B8B0D600B7818F /* LaunchScreen.storyboard */ = {
			isa = PBXVariantGroup;
			children = (
				ABB8B81028B8B0D600B7818F /* Base */,
			);
			name = LaunchScreen.storyboard;
			sourceTree = "<group>";
		};
/* End PBXVariantGroup section */

/* Begin XCBuildConfiguration section */
		AB2FDA9A28BE31510008826F /* Debug */ = {
			isa = XCBuildConfiguration;
			buildSettings = {
				BUNDLE_LOADER = "$(TEST_HOST)";
				CODE_SIGN_STYLE = Automatic;
				CURRENT_PROJECT_VERSION = 1;
				DEVELOPMENT_TEAM = NJ396FQTK4;
				GENERATE_INFOPLIST_FILE = YES;
				MARKETING_VERSION = 1.0;
				PRODUCT_BUNDLE_IDENTIFIER = com.namegeon.ThreeLinesSummaryTests;
				PRODUCT_NAME = "$(TARGET_NAME)";
				SUPPORTED_PLATFORMS = "iphoneos iphonesimulator";
				SUPPORTS_MACCATALYST = NO;
				SUPPORTS_MAC_DESIGNED_FOR_IPHONE_IPAD = NO;
				SWIFT_EMIT_LOC_STRINGS = NO;
				SWIFT_VERSION = 5.0;
				TARGETED_DEVICE_FAMILY = 1;
				TEST_HOST = "$(BUILT_PRODUCTS_DIR)/ThreeLinesSummary.app/ThreeLinesSummary";
			};
			name = Debug;
		};
		AB2FDA9B28BE31510008826F /* Release */ = {
			isa = XCBuildConfiguration;
			buildSettings = {
				BUNDLE_LOADER = "$(TEST_HOST)";
				CODE_SIGN_STYLE = Automatic;
				CURRENT_PROJECT_VERSION = 1;
				DEVELOPMENT_TEAM = NJ396FQTK4;
				GENERATE_INFOPLIST_FILE = YES;
				MARKETING_VERSION = 1.0;
				PRODUCT_BUNDLE_IDENTIFIER = com.namegeon.ThreeLinesSummaryTests;
				PRODUCT_NAME = "$(TARGET_NAME)";
				SUPPORTED_PLATFORMS = "iphoneos iphonesimulator";
				SUPPORTS_MACCATALYST = NO;
				SUPPORTS_MAC_DESIGNED_FOR_IPHONE_IPAD = NO;
				SWIFT_EMIT_LOC_STRINGS = NO;
				SWIFT_VERSION = 5.0;
				TARGETED_DEVICE_FAMILY = 1;
				TEST_HOST = "$(BUILT_PRODUCTS_DIR)/ThreeLinesSummary.app/ThreeLinesSummary";
			};
			name = Release;
		};
		ABB8B81328B8B0D600B7818F /* Debug */ = {
			isa = XCBuildConfiguration;
			buildSettings = {
				ALWAYS_SEARCH_USER_PATHS = NO;
				CLANG_ANALYZER_NONNULL = YES;
				CLANG_ANALYZER_NUMBER_OBJECT_CONVERSION = YES_AGGRESSIVE;
				CLANG_CXX_LANGUAGE_STANDARD = "gnu++17";
				CLANG_ENABLE_MODULES = YES;
				CLANG_ENABLE_OBJC_ARC = YES;
				CLANG_ENABLE_OBJC_WEAK = YES;
				CLANG_WARN_BLOCK_CAPTURE_AUTORELEASING = YES;
				CLANG_WARN_BOOL_CONVERSION = YES;
				CLANG_WARN_COMMA = YES;
				CLANG_WARN_CONSTANT_CONVERSION = YES;
				CLANG_WARN_DEPRECATED_OBJC_IMPLEMENTATIONS = YES;
				CLANG_WARN_DIRECT_OBJC_ISA_USAGE = YES_ERROR;
				CLANG_WARN_DOCUMENTATION_COMMENTS = YES;
				CLANG_WARN_EMPTY_BODY = YES;
				CLANG_WARN_ENUM_CONVERSION = YES;
				CLANG_WARN_INFINITE_RECURSION = YES;
				CLANG_WARN_INT_CONVERSION = YES;
				CLANG_WARN_NON_LITERAL_NULL_CONVERSION = YES;
				CLANG_WARN_OBJC_IMPLICIT_RETAIN_SELF = YES;
				CLANG_WARN_OBJC_LITERAL_CONVERSION = YES;
				CLANG_WARN_OBJC_ROOT_CLASS = YES_ERROR;
				CLANG_WARN_QUOTED_INCLUDE_IN_FRAMEWORK_HEADER = YES;
				CLANG_WARN_RANGE_LOOP_ANALYSIS = YES;
				CLANG_WARN_STRICT_PROTOTYPES = YES;
				CLANG_WARN_SUSPICIOUS_MOVE = YES;
				CLANG_WARN_UNGUARDED_AVAILABILITY = YES_AGGRESSIVE;
				CLANG_WARN_UNREACHABLE_CODE = YES;
				CLANG_WARN__DUPLICATE_METHOD_MATCH = YES;
				COPY_PHASE_STRIP = NO;
				DEBUG_INFORMATION_FORMAT = dwarf;
				ENABLE_STRICT_OBJC_MSGSEND = YES;
				ENABLE_TESTABILITY = YES;
				GCC_C_LANGUAGE_STANDARD = gnu11;
				GCC_DYNAMIC_NO_PIC = NO;
				GCC_NO_COMMON_BLOCKS = YES;
				GCC_OPTIMIZATION_LEVEL = 0;
				GCC_PREPROCESSOR_DEFINITIONS = (
					"DEBUG=1",
					"$(inherited)",
				);
				GCC_WARN_64_TO_32_BIT_CONVERSION = YES;
				GCC_WARN_ABOUT_RETURN_TYPE = YES_ERROR;
				GCC_WARN_UNDECLARED_SELECTOR = YES;
				GCC_WARN_UNINITIALIZED_AUTOS = YES_AGGRESSIVE;
				GCC_WARN_UNUSED_FUNCTION = YES;
				GCC_WARN_UNUSED_VARIABLE = YES;
				IPHONEOS_DEPLOYMENT_TARGET = 15.5;
				MTL_ENABLE_DEBUG_INFO = INCLUDE_SOURCE;
				MTL_FAST_MATH = YES;
				ONLY_ACTIVE_ARCH = YES;
				SDKROOT = iphoneos;
				SWIFT_ACTIVE_COMPILATION_CONDITIONS = DEBUG;
				SWIFT_OPTIMIZATION_LEVEL = "-Onone";
			};
			name = Debug;
		};
		ABB8B81428B8B0D600B7818F /* Release */ = {
			isa = XCBuildConfiguration;
			buildSettings = {
				ALWAYS_SEARCH_USER_PATHS = NO;
				CLANG_ANALYZER_NONNULL = YES;
				CLANG_ANALYZER_NUMBER_OBJECT_CONVERSION = YES_AGGRESSIVE;
				CLANG_CXX_LANGUAGE_STANDARD = "gnu++17";
				CLANG_ENABLE_MODULES = YES;
				CLANG_ENABLE_OBJC_ARC = YES;
				CLANG_ENABLE_OBJC_WEAK = YES;
				CLANG_WARN_BLOCK_CAPTURE_AUTORELEASING = YES;
				CLANG_WARN_BOOL_CONVERSION = YES;
				CLANG_WARN_COMMA = YES;
				CLANG_WARN_CONSTANT_CONVERSION = YES;
				CLANG_WARN_DEPRECATED_OBJC_IMPLEMENTATIONS = YES;
				CLANG_WARN_DIRECT_OBJC_ISA_USAGE = YES_ERROR;
				CLANG_WARN_DOCUMENTATION_COMMENTS = YES;
				CLANG_WARN_EMPTY_BODY = YES;
				CLANG_WARN_ENUM_CONVERSION = YES;
				CLANG_WARN_INFINITE_RECURSION = YES;
				CLANG_WARN_INT_CONVERSION = YES;
				CLANG_WARN_NON_LITERAL_NULL_CONVERSION = YES;
				CLANG_WARN_OBJC_IMPLICIT_RETAIN_SELF = YES;
				CLANG_WARN_OBJC_LITERAL_CONVERSION = YES;
				CLANG_WARN_OBJC_ROOT_CLASS = YES_ERROR;
				CLANG_WARN_QUOTED_INCLUDE_IN_FRAMEWORK_HEADER = YES;
				CLANG_WARN_RANGE_LOOP_ANALYSIS = YES;
				CLANG_WARN_STRICT_PROTOTYPES = YES;
				CLANG_WARN_SUSPICIOUS_MOVE = YES;
				CLANG_WARN_UNGUARDED_AVAILABILITY = YES_AGGRESSIVE;
				CLANG_WARN_UNREACHABLE_CODE = YES;
				CLANG_WARN__DUPLICATE_METHOD_MATCH = YES;
				COPY_PHASE_STRIP = NO;
				DEBUG_INFORMATION_FORMAT = "dwarf-with-dsym";
				ENABLE_NS_ASSERTIONS = NO;
				ENABLE_STRICT_OBJC_MSGSEND = YES;
				GCC_C_LANGUAGE_STANDARD = gnu11;
				GCC_NO_COMMON_BLOCKS = YES;
				GCC_WARN_64_TO_32_BIT_CONVERSION = YES;
				GCC_WARN_ABOUT_RETURN_TYPE = YES_ERROR;
				GCC_WARN_UNDECLARED_SELECTOR = YES;
				GCC_WARN_UNINITIALIZED_AUTOS = YES_AGGRESSIVE;
				GCC_WARN_UNUSED_FUNCTION = YES;
				GCC_WARN_UNUSED_VARIABLE = YES;
				IPHONEOS_DEPLOYMENT_TARGET = 15.5;
				MTL_ENABLE_DEBUG_INFO = NO;
				MTL_FAST_MATH = YES;
				SDKROOT = iphoneos;
				SWIFT_COMPILATION_MODE = wholemodule;
				SWIFT_OPTIMIZATION_LEVEL = "-O";
				VALIDATE_PRODUCT = YES;
			};
			name = Release;
		};
		ABB8B81628B8B0D600B7818F /* Debug */ = {
			isa = XCBuildConfiguration;
			buildSettings = {
				ASSETCATALOG_COMPILER_APPICON_NAME = AppIcon;
				ASSETCATALOG_COMPILER_GLOBAL_ACCENT_COLOR_NAME = AccentColor;
				CODE_SIGN_STYLE = Automatic;
				CURRENT_PROJECT_VERSION = 1;
				DEVELOPMENT_TEAM = NJ396FQTK4;
				GENERATE_INFOPLIST_FILE = YES;
				INFOPLIST_FILE = ThreeLinesSummary/Info.plist;
				INFOPLIST_KEY_UIApplicationSupportsIndirectInputEvents = YES;
				INFOPLIST_KEY_UILaunchStoryboardName = LaunchScreen;
				INFOPLIST_KEY_UISupportedInterfaceOrientations = UIInterfaceOrientationPortrait;
				INFOPLIST_KEY_UISupportedInterfaceOrientations_iPad = "UIInterfaceOrientationPortrait UIInterfaceOrientationPortraitUpsideDown UIInterfaceOrientationLandscapeLeft UIInterfaceOrientationLandscapeRight";
				INFOPLIST_KEY_UISupportedInterfaceOrientations_iPhone = "UIInterfaceOrientationPortrait UIInterfaceOrientationLandscapeLeft UIInterfaceOrientationLandscapeRight";
				IPHONEOS_DEPLOYMENT_TARGET = 15.5;
				LD_RUNPATH_SEARCH_PATHS = (
					"$(inherited)",
					"@executable_path/Frameworks",
				);
				MARKETING_VERSION = 1.0;
				PRODUCT_BUNDLE_IDENTIFIER = com.namegeon.ThreeLinesSummary;
				PRODUCT_NAME = "$(TARGET_NAME)";
				SWIFT_EMIT_LOC_STRINGS = YES;
				SWIFT_VERSION = 5.0;
				TARGETED_DEVICE_FAMILY = 1;
			};
			name = Debug;
		};
		ABB8B81728B8B0D600B7818F /* Release */ = {
			isa = XCBuildConfiguration;
			buildSettings = {
				ASSETCATALOG_COMPILER_APPICON_NAME = AppIcon;
				ASSETCATALOG_COMPILER_GLOBAL_ACCENT_COLOR_NAME = AccentColor;
				CODE_SIGN_STYLE = Automatic;
				CURRENT_PROJECT_VERSION = 1;
				DEVELOPMENT_TEAM = NJ396FQTK4;
				GENERATE_INFOPLIST_FILE = YES;
				INFOPLIST_FILE = ThreeLinesSummary/Info.plist;
				INFOPLIST_KEY_UIApplicationSupportsIndirectInputEvents = YES;
				INFOPLIST_KEY_UILaunchStoryboardName = LaunchScreen;
				INFOPLIST_KEY_UISupportedInterfaceOrientations = UIInterfaceOrientationPortrait;
				INFOPLIST_KEY_UISupportedInterfaceOrientations_iPad = "UIInterfaceOrientationPortrait UIInterfaceOrientationPortraitUpsideDown UIInterfaceOrientationLandscapeLeft UIInterfaceOrientationLandscapeRight";
				INFOPLIST_KEY_UISupportedInterfaceOrientations_iPhone = "UIInterfaceOrientationPortrait UIInterfaceOrientationLandscapeLeft UIInterfaceOrientationLandscapeRight";
				IPHONEOS_DEPLOYMENT_TARGET = 15.5;
				LD_RUNPATH_SEARCH_PATHS = (
					"$(inherited)",
					"@executable_path/Frameworks",
				);
				MARKETING_VERSION = 1.0;
				PRODUCT_BUNDLE_IDENTIFIER = com.namegeon.ThreeLinesSummary;
				PRODUCT_NAME = "$(TARGET_NAME)";
				SWIFT_EMIT_LOC_STRINGS = YES;
				SWIFT_VERSION = 5.0;
				TARGETED_DEVICE_FAMILY = 1;
			};
			name = Release;
		};
/* End XCBuildConfiguration section */

/* Begin XCConfigurationList section */
		AB2FDA9928BE31510008826F /* Build configuration list for PBXNativeTarget "ThreeLinesSummaryTests" */ = {
			isa = XCConfigurationList;
			buildConfigurations = (
				AB2FDA9A28BE31510008826F /* Debug */,
				AB2FDA9B28BE31510008826F /* Release */,
			);
			defaultConfigurationIsVisible = 0;
			defaultConfigurationName = Release;
		};
		ABB8B7FC28B8B0D600B7818F /* Build configuration list for PBXProject "ThreeLinesSummary" */ = {
			isa = XCConfigurationList;
			buildConfigurations = (
				ABB8B81328B8B0D600B7818F /* Debug */,
				ABB8B81428B8B0D600B7818F /* Release */,
			);
			defaultConfigurationIsVisible = 0;
			defaultConfigurationName = Release;
		};
		ABB8B81528B8B0D600B7818F /* Build configuration list for PBXNativeTarget "ThreeLinesSummary" */ = {
			isa = XCConfigurationList;
			buildConfigurations = (
				ABB8B81628B8B0D600B7818F /* Debug */,
				ABB8B81728B8B0D600B7818F /* Release */,
			);
			defaultConfigurationIsVisible = 0;
			defaultConfigurationName = Release;
		};
/* End XCConfigurationList section */
	};
	rootObject = ABB8B7F928B8B0D600B7818F /* Project object */;
}
