// !$*UTF8*$!
{
	archiveVersion = 1;
	classes = {
	};
	objectVersion = 55;
	objects = {

/* Begin PBXBuildFile section */
		ABB8B80528B8B0D600B7818F /* AppDelegate.swift in Sources */ = {isa = PBXBuildFile; fileRef = ABB8B80428B8B0D600B7818F /* AppDelegate.swift */; };
		ABB8B80728B8B0D600B7818F /* SceneDelegate.swift in Sources */ = {isa = PBXBuildFile; fileRef = ABB8B80628B8B0D600B7818F /* SceneDelegate.swift */; };
		ABB8B80928B8B0D600B7818F /* ViewController.swift in Sources */ = {isa = PBXBuildFile; fileRef = ABB8B80828B8B0D600B7818F /* ViewController.swift */; };
		ABB8B80E28B8B0D600B7818F /* Assets.xcassets in Resources */ = {isa = PBXBuildFile; fileRef = ABB8B80D28B8B0D600B7818F /* Assets.xcassets */; };
		ABB8B81128B8B0D600B7818F /* LaunchScreen.storyboard in Resources */ = {isa = PBXBuildFile; fileRef = ABB8B80F28B8B0D600B7818F /* LaunchScreen.storyboard */; };
		ABEC710B28BC75F900488104 /* BorderedTextField.swift in Sources */ = {isa = PBXBuildFile; fileRef = ABEC710A28BC75F900488104 /* BorderedTextField.swift */; };
		ABEC710E28BC7F0300488104 /* UIImageView.swift in Sources */ = {isa = PBXBuildFile; fileRef = ABEC710D28BC7F0300488104 /* UIImageView.swift */; };
		ABEC711028BC81D400488104 /* CustomButton.swift in Sources */ = {isa = PBXBuildFile; fileRef = ABEC710F28BC81D400488104 /* CustomButton.swift */; };
		ABEC711428BC8A2000488104 /* PhaseTemplateView.swift in Sources */ = {isa = PBXBuildFile; fileRef = ABEC711328BC8A2000488104 /* PhaseTemplateView.swift */; };
		ABEC711628BCA48600488104 /* PasteView.swift in Sources */ = {isa = PBXBuildFile; fileRef = ABEC711528BCA48600488104 /* PasteView.swift */; };
		ABEC711828BCA9C900488104 /* UIButton.swift in Sources */ = {isa = PBXBuildFile; fileRef = ABEC711728BCA9C900488104 /* UIButton.swift */; };
/* End PBXBuildFile section */

/* Begin PBXFileReference section */
		ABB8B80128B8B0D600B7818F /* ThreeLinesSummary.app */ = {isa = PBXFileReference; explicitFileType = wrapper.application; includeInIndex = 0; path = ThreeLinesSummary.app; sourceTree = BUILT_PRODUCTS_DIR; };
		ABB8B80428B8B0D600B7818F /* AppDelegate.swift */ = {isa = PBXFileReference; lastKnownFileType = sourcecode.swift; path = AppDelegate.swift; sourceTree = "<group>"; };
		ABB8B80628B8B0D600B7818F /* SceneDelegate.swift */ = {isa = PBXFileReference; lastKnownFileType = sourcecode.swift; path = SceneDelegate.swift; sourceTree = "<group>"; };
		ABB8B80828B8B0D600B7818F /* ViewController.swift */ = {isa = PBXFileReference; lastKnownFileType = sourcecode.swift; path = ViewController.swift; sourceTree = "<group>"; };
		ABB8B80D28B8B0D600B7818F /* Assets.xcassets */ = {isa = PBXFileReference; lastKnownFileType = folder.assetcatalog; path = Assets.xcassets; sourceTree = "<group>"; };
		ABB8B81028B8B0D600B7818F /* Base */ = {isa = PBXFileReference; lastKnownFileType = file.storyboard; name = Base; path = Base.lproj/LaunchScreen.storyboard; sourceTree = "<group>"; };
		ABB8B81228B8B0D600B7818F /* Info.plist */ = {isa = PBXFileReference; lastKnownFileType = text.plist.xml; path = Info.plist; sourceTree = "<group>"; };
		ABEC710A28BC75F900488104 /* BorderedTextField.swift */ = {isa = PBXFileReference; lastKnownFileType = sourcecode.swift; path = BorderedTextField.swift; sourceTree = "<group>"; };
		ABEC710D28BC7F0300488104 /* UIImageView.swift */ = {isa = PBXFileReference; lastKnownFileType = sourcecode.swift; path = UIImageView.swift; sourceTree = "<group>"; };
		ABEC710F28BC81D400488104 /* CustomButton.swift */ = {isa = PBXFileReference; lastKnownFileType = sourcecode.swift; path = CustomButton.swift; sourceTree = "<group>"; };
		ABEC711328BC8A2000488104 /* PhaseTemplateView.swift */ = {isa = PBXFileReference; lastKnownFileType = sourcecode.swift; path = PhaseTemplateView.swift; sourceTree = "<group>"; };
		ABEC711528BCA48600488104 /* PasteView.swift */ = {isa = PBXFileReference; lastKnownFileType = sourcecode.swift; path = PasteView.swift; sourceTree = "<group>"; };
		ABEC711728BCA9C900488104 /* UIButton.swift */ = {isa = PBXFileReference; lastKnownFileType = sourcecode.swift; path = UIButton.swift; sourceTree = "<group>"; };
/* End PBXFileReference section */

/* Begin PBXFrameworksBuildPhase section */
		ABB8B7FE28B8B0D600B7818F /* Frameworks */ = {
			isa = PBXFrameworksBuildPhase;
			buildActionMask = 2147483647;
			files = (
			);
			runOnlyForDeploymentPostprocessing = 0;
		};
/* End PBXFrameworksBuildPhase section */

/* Begin PBXGroup section */
		ABB8B7F828B8B0D600B7818F = {
			isa = PBXGroup;
			children = (
				ABB8B80328B8B0D600B7818F /* ThreeLinesSummary */,
				ABB8B80228B8B0D600B7818F /* Products */,
			);
			sourceTree = "<group>";
		};
		ABB8B80228B8B0D600B7818F /* Products */ = {
			isa = PBXGroup;
			children = (
				ABB8B80128B8B0D600B7818F /* ThreeLinesSummary.app */,
			);
			name = Products;
			sourceTree = "<group>";
		};
		ABB8B80328B8B0D600B7818F /* ThreeLinesSummary */ = {
			isa = PBXGroup;
			children = (
				ABEC710928BC75D900488104 /* Views */,
				ABB8B80428B8B0D600B7818F /* AppDelegate.swift */,
				ABB8B80628B8B0D600B7818F /* SceneDelegate.swift */,
				ABB8B80828B8B0D600B7818F /* ViewController.swift */,
				ABEC710828BC75C300488104 /* Files */,
			);
			path = ThreeLinesSummary;
			sourceTree = "<group>";
		};
		ABEC710828BC75C300488104 /* Files */ = {
			isa = PBXGroup;
			children = (
				ABB8B80D28B8B0D600B7818F /* Assets.xcassets */,
				ABB8B80F28B8B0D600B7818F /* LaunchScreen.storyboard */,
				ABB8B81228B8B0D600B7818F /* Info.plist */,
			);
			name = Files;
			sourceTree = "<group>";
		};
		ABEC710928BC75D900488104 /* Views */ = {
			isa = PBXGroup;
			children = (
				ABEC710C28BC7EED00488104 /* Helpers */,
				ABEC711528BCA48600488104 /* PasteView.swift */,
			);
			path = Views;
			sourceTree = "<group>";
		};
		ABEC710C28BC7EED00488104 /* Helpers */ = {
			isa = PBXGroup;
			children = (
				ABEC710D28BC7F0300488104 /* UIImageView.swift */,
				ABEC710F28BC81D400488104 /* CustomButton.swift */,
				ABEC711328BC8A2000488104 /* PhaseTemplateView.swift */,
				ABEC710A28BC75F900488104 /* BorderedTextField.swift */,
				ABEC711728BCA9C900488104 /* UIButton.swift */,
			);
			path = Helpers;
			sourceTree = "<group>";
		};
/* End PBXGroup section */

/* Begin PBXNativeTarget section */
		ABB8B80028B8B0D600B7818F /* ThreeLinesSummary */ = {
			isa = PBXNativeTarget;
			buildConfigurationList = ABB8B81528B8B0D600B7818F /* Build configuration list for PBXNativeTarget "ThreeLinesSummary" */;
			buildPhases = (
				ABB8B7FD28B8B0D600B7818F /* Sources */,
				ABB8B7FE28B8B0D600B7818F /* Frameworks */,
				ABB8B7FF28B8B0D600B7818F /* Resources */,
			);
			buildRules = (
			);
			dependencies = (
			);
			name = ThreeLinesSummary;
			productName = ThreeLinesSummary;
			productReference = ABB8B80128B8B0D600B7818F /* ThreeLinesSummary.app */;
			productType = "com.apple.product-type.application";
		};
/* End PBXNativeTarget section */

/* Begin PBXProject section */
		ABB8B7F928B8B0D600B7818F /* Project object */ = {
			isa = PBXProject;
			attributes = {
				BuildIndependentTargetsInParallel = 1;
				LastSwiftUpdateCheck = 1340;
				LastUpgradeCheck = 1340;
				TargetAttributes = {
					ABB8B80028B8B0D600B7818F = {
						CreatedOnToolsVersion = 13.4.1;
					};
				};
			};
			buildConfigurationList = ABB8B7FC28B8B0D600B7818F /* Build configuration list for PBXProject "ThreeLinesSummary" */;
			compatibilityVersion = "Xcode 13.0";
			developmentRegion = en;
			hasScannedForEncodings = 0;
			knownRegions = (
				en,
				Base,
			);
			mainGroup = ABB8B7F828B8B0D600B7818F;
			productRefGroup = ABB8B80228B8B0D600B7818F /* Products */;
			projectDirPath = "";
			projectRoot = "";
			targets = (
				ABB8B80028B8B0D600B7818F /* ThreeLinesSummary */,
			);
		};
/* End PBXProject section */

/* Begin PBXResourcesBuildPhase section */
		ABB8B7FF28B8B0D600B7818F /* Resources */ = {
			isa = PBXResourcesBuildPhase;
			buildActionMask = 2147483647;
			files = (
				ABB8B81128B8B0D600B7818F /* LaunchScreen.storyboard in Resources */,
				ABB8B80E28B8B0D600B7818F /* Assets.xcassets in Resources */,
			);
			runOnlyForDeploymentPostprocessing = 0;
		};
/* End PBXResourcesBuildPhase section */

/* Begin PBXSourcesBuildPhase section */
		ABB8B7FD28B8B0D600B7818F /* Sources */ = {
			isa = PBXSourcesBuildPhase;
			buildActionMask = 2147483647;
			files = (
				ABEC711428BC8A2000488104 /* PhaseTemplateView.swift in Sources */,
				ABB8B80928B8B0D600B7818F /* ViewController.swift in Sources */,
				ABEC711628BCA48600488104 /* PasteView.swift in Sources */,
				ABEC710E28BC7F0300488104 /* UIImageView.swift in Sources */,
				ABEC711028BC81D400488104 /* CustomButton.swift in Sources */,
				ABB8B80528B8B0D600B7818F /* AppDelegate.swift in Sources */,
				ABEC710B28BC75F900488104 /* BorderedTextField.swift in Sources */,
				ABB8B80728B8B0D600B7818F /* SceneDelegate.swift in Sources */,
				ABEC711828BCA9C900488104 /* UIButton.swift in Sources */,
			);
			runOnlyForDeploymentPostprocessing = 0;
		};
/* End PBXSourcesBuildPhase section */

/* Begin PBXVariantGroup section */
		ABB8B80F28B8B0D600B7818F /* LaunchScreen.storyboard */ = {
			isa = PBXVariantGroup;
			children = (
				ABB8B81028B8B0D600B7818F /* Base */,
			);
			name = LaunchScreen.storyboard;
			sourceTree = "<group>";
		};
/* End PBXVariantGroup section */

/* Begin XCBuildConfiguration section */
		ABB8B81328B8B0D600B7818F /* Debug */ = {
			isa = XCBuildConfiguration;
			buildSettings = {
				ALWAYS_SEARCH_USER_PATHS = NO;
				CLANG_ANALYZER_NONNULL = YES;
				CLANG_ANALYZER_NUMBER_OBJECT_CONVERSION = YES_AGGRESSIVE;
				CLANG_CXX_LANGUAGE_STANDARD = "gnu++17";
				CLANG_ENABLE_MODULES = YES;
				CLANG_ENABLE_OBJC_ARC = YES;
				CLANG_ENABLE_OBJC_WEAK = YES;
				CLANG_WARN_BLOCK_CAPTURE_AUTORELEASING = YES;
				CLANG_WARN_BOOL_CONVERSION = YES;
				CLANG_WARN_COMMA = YES;
				CLANG_WARN_CONSTANT_CONVERSION = YES;
				CLANG_WARN_DEPRECATED_OBJC_IMPLEMENTATIONS = YES;
				CLANG_WARN_DIRECT_OBJC_ISA_USAGE = YES_ERROR;
				CLANG_WARN_DOCUMENTATION_COMMENTS = YES;
				CLANG_WARN_EMPTY_BODY = YES;
				CLANG_WARN_ENUM_CONVERSION = YES;
				CLANG_WARN_INFINITE_RECURSION = YES;
				CLANG_WARN_INT_CONVERSION = YES;
				CLANG_WARN_NON_LITERAL_NULL_CONVERSION = YES;
				CLANG_WARN_OBJC_IMPLICIT_RETAIN_SELF = YES;
				CLANG_WARN_OBJC_LITERAL_CONVERSION = YES;
				CLANG_WARN_OBJC_ROOT_CLASS = YES_ERROR;
				CLANG_WARN_QUOTED_INCLUDE_IN_FRAMEWORK_HEADER = YES;
				CLANG_WARN_RANGE_LOOP_ANALYSIS = YES;
				CLANG_WARN_STRICT_PROTOTYPES = YES;
				CLANG_WARN_SUSPICIOUS_MOVE = YES;
				CLANG_WARN_UNGUARDED_AVAILABILITY = YES_AGGRESSIVE;
				CLANG_WARN_UNREACHABLE_CODE = YES;
				CLANG_WARN__DUPLICATE_METHOD_MATCH = YES;
				COPY_PHASE_STRIP = NO;
				DEBUG_INFORMATION_FORMAT = dwarf;
				ENABLE_STRICT_OBJC_MSGSEND = YES;
				ENABLE_TESTABILITY = YES;
				GCC_C_LANGUAGE_STANDARD = gnu11;
				GCC_DYNAMIC_NO_PIC = NO;
				GCC_NO_COMMON_BLOCKS = YES;
				GCC_OPTIMIZATION_LEVEL = 0;
				GCC_PREPROCESSOR_DEFINITIONS = (
					"DEBUG=1",
					"$(inherited)",
				);
				GCC_WARN_64_TO_32_BIT_CONVERSION = YES;
				GCC_WARN_ABOUT_RETURN_TYPE = YES_ERROR;
				GCC_WARN_UNDECLARED_SELECTOR = YES;
				GCC_WARN_UNINITIALIZED_AUTOS = YES_AGGRESSIVE;
				GCC_WARN_UNUSED_FUNCTION = YES;
				GCC_WARN_UNUSED_VARIABLE = YES;
				IPHONEOS_DEPLOYMENT_TARGET = 15.5;
				MTL_ENABLE_DEBUG_INFO = INCLUDE_SOURCE;
				MTL_FAST_MATH = YES;
				ONLY_ACTIVE_ARCH = YES;
				SDKROOT = iphoneos;
				SWIFT_ACTIVE_COMPILATION_CONDITIONS = DEBUG;
				SWIFT_OPTIMIZATION_LEVEL = "-Onone";
			};
			name = Debug;
		};
		ABB8B81428B8B0D600B7818F /* Release */ = {
			isa = XCBuildConfiguration;
			buildSettings = {
				ALWAYS_SEARCH_USER_PATHS = NO;
				CLANG_ANALYZER_NONNULL = YES;
				CLANG_ANALYZER_NUMBER_OBJECT_CONVERSION = YES_AGGRESSIVE;
				CLANG_CXX_LANGUAGE_STANDARD = "gnu++17";
				CLANG_ENABLE_MODULES = YES;
				CLANG_ENABLE_OBJC_ARC = YES;
				CLANG_ENABLE_OBJC_WEAK = YES;
				CLANG_WARN_BLOCK_CAPTURE_AUTORELEASING = YES;
				CLANG_WARN_BOOL_CONVERSION = YES;
				CLANG_WARN_COMMA = YES;
				CLANG_WARN_CONSTANT_CONVERSION = YES;
				CLANG_WARN_DEPRECATED_OBJC_IMPLEMENTATIONS = YES;
				CLANG_WARN_DIRECT_OBJC_ISA_USAGE = YES_ERROR;
				CLANG_WARN_DOCUMENTATION_COMMENTS = YES;
				CLANG_WARN_EMPTY_BODY = YES;
				CLANG_WARN_ENUM_CONVERSION = YES;
				CLANG_WARN_INFINITE_RECURSION = YES;
				CLANG_WARN_INT_CONVERSION = YES;
				CLANG_WARN_NON_LITERAL_NULL_CONVERSION = YES;
				CLANG_WARN_OBJC_IMPLICIT_RETAIN_SELF = YES;
				CLANG_WARN_OBJC_LITERAL_CONVERSION = YES;
				CLANG_WARN_OBJC_ROOT_CLASS = YES_ERROR;
				CLANG_WARN_QUOTED_INCLUDE_IN_FRAMEWORK_HEADER = YES;
				CLANG_WARN_RANGE_LOOP_ANALYSIS = YES;
				CLANG_WARN_STRICT_PROTOTYPES = YES;
				CLANG_WARN_SUSPICIOUS_MOVE = YES;
				CLANG_WARN_UNGUARDED_AVAILABILITY = YES_AGGRESSIVE;
				CLANG_WARN_UNREACHABLE_CODE = YES;
				CLANG_WARN__DUPLICATE_METHOD_MATCH = YES;
				COPY_PHASE_STRIP = NO;
				DEBUG_INFORMATION_FORMAT = "dwarf-with-dsym";
				ENABLE_NS_ASSERTIONS = NO;
				ENABLE_STRICT_OBJC_MSGSEND = YES;
				GCC_C_LANGUAGE_STANDARD = gnu11;
				GCC_NO_COMMON_BLOCKS = YES;
				GCC_WARN_64_TO_32_BIT_CONVERSION = YES;
				GCC_WARN_ABOUT_RETURN_TYPE = YES_ERROR;
				GCC_WARN_UNDECLARED_SELECTOR = YES;
				GCC_WARN_UNINITIALIZED_AUTOS = YES_AGGRESSIVE;
				GCC_WARN_UNUSED_FUNCTION = YES;
				GCC_WARN_UNUSED_VARIABLE = YES;
				IPHONEOS_DEPLOYMENT_TARGET = 15.5;
				MTL_ENABLE_DEBUG_INFO = NO;
				MTL_FAST_MATH = YES;
				SDKROOT = iphoneos;
				SWIFT_COMPILATION_MODE = wholemodule;
				SWIFT_OPTIMIZATION_LEVEL = "-O";
				VALIDATE_PRODUCT = YES;
			};
			name = Release;
		};
		ABB8B81628B8B0D600B7818F /* Debug */ = {
			isa = XCBuildConfiguration;
			buildSettings = {
				ASSETCATALOG_COMPILER_APPICON_NAME = AppIcon;
				ASSETCATALOG_COMPILER_GLOBAL_ACCENT_COLOR_NAME = AccentColor;
				CODE_SIGN_STYLE = Automatic;
				CURRENT_PROJECT_VERSION = 1;
				DEVELOPMENT_TEAM = NJ396FQTK4;
				GENERATE_INFOPLIST_FILE = YES;
				INFOPLIST_FILE = ThreeLinesSummary/Info.plist;
				INFOPLIST_KEY_UIApplicationSupportsIndirectInputEvents = YES;
				INFOPLIST_KEY_UILaunchStoryboardName = LaunchScreen;
				INFOPLIST_KEY_UISupportedInterfaceOrientations = UIInterfaceOrientationPortrait;
				INFOPLIST_KEY_UISupportedInterfaceOrientations_iPad = "UIInterfaceOrientationPortrait UIInterfaceOrientationPortraitUpsideDown UIInterfaceOrientationLandscapeLeft UIInterfaceOrientationLandscapeRight";
				INFOPLIST_KEY_UISupportedInterfaceOrientations_iPhone = "UIInterfaceOrientationPortrait UIInterfaceOrientationLandscapeLeft UIInterfaceOrientationLandscapeRight";
				IPHONEOS_DEPLOYMENT_TARGET = 15.5;
				LD_RUNPATH_SEARCH_PATHS = (
					"$(inherited)",
					"@executable_path/Frameworks",
				);
				MARKETING_VERSION = 1.0;
				PRODUCT_BUNDLE_IDENTIFIER = com.namegeon.ThreeLinesSummary;
				PRODUCT_NAME = "$(TARGET_NAME)";
				SWIFT_EMIT_LOC_STRINGS = YES;
				SWIFT_VERSION = 5.0;
				TARGETED_DEVICE_FAMILY = 1;
			};
			name = Debug;
		};
		ABB8B81728B8B0D600B7818F /* Release */ = {
			isa = XCBuildConfiguration;
			buildSettings = {
				ASSETCATALOG_COMPILER_APPICON_NAME = AppIcon;
				ASSETCATALOG_COMPILER_GLOBAL_ACCENT_COLOR_NAME = AccentColor;
				CODE_SIGN_STYLE = Automatic;
				CURRENT_PROJECT_VERSION = 1;
				DEVELOPMENT_TEAM = NJ396FQTK4;
				GENERATE_INFOPLIST_FILE = YES;
				INFOPLIST_FILE = ThreeLinesSummary/Info.plist;
				INFOPLIST_KEY_UIApplicationSupportsIndirectInputEvents = YES;
				INFOPLIST_KEY_UILaunchStoryboardName = LaunchScreen;
				INFOPLIST_KEY_UISupportedInterfaceOrientations = UIInterfaceOrientationPortrait;
				INFOPLIST_KEY_UISupportedInterfaceOrientations_iPad = "UIInterfaceOrientationPortrait UIInterfaceOrientationPortraitUpsideDown UIInterfaceOrientationLandscapeLeft UIInterfaceOrientationLandscapeRight";
				INFOPLIST_KEY_UISupportedInterfaceOrientations_iPhone = "UIInterfaceOrientationPortrait UIInterfaceOrientationLandscapeLeft UIInterfaceOrientationLandscapeRight";
				IPHONEOS_DEPLOYMENT_TARGET = 15.5;
				LD_RUNPATH_SEARCH_PATHS = (
					"$(inherited)",
					"@executable_path/Frameworks",
				);
				MARKETING_VERSION = 1.0;
				PRODUCT_BUNDLE_IDENTIFIER = com.namegeon.ThreeLinesSummary;
				PRODUCT_NAME = "$(TARGET_NAME)";
				SWIFT_EMIT_LOC_STRINGS = YES;
				SWIFT_VERSION = 5.0;
				TARGETED_DEVICE_FAMILY = 1;
			};
			name = Release;
		};
/* End XCBuildConfiguration section */

/* Begin XCConfigurationList section */
		ABB8B7FC28B8B0D600B7818F /* Build configuration list for PBXProject "ThreeLinesSummary" */ = {
			isa = XCConfigurationList;
			buildConfigurations = (
				ABB8B81328B8B0D600B7818F /* Debug */,
				ABB8B81428B8B0D600B7818F /* Release */,
			);
			defaultConfigurationIsVisible = 0;
			defaultConfigurationName = Release;
		};
		ABB8B81528B8B0D600B7818F /* Build configuration list for PBXNativeTarget "ThreeLinesSummary" */ = {
			isa = XCConfigurationList;
			buildConfigurations = (
				ABB8B81628B8B0D600B7818F /* Debug */,
				ABB8B81728B8B0D600B7818F /* Release */,
			);
			defaultConfigurationIsVisible = 0;
			defaultConfigurationName = Release;
		};
/* End XCConfigurationList section */
	};
	rootObject = ABB8B7F928B8B0D600B7818F /* Project object */;
}
